
Microsoft Visual Studio Solution File, Format Version 12.00
# Visual Studio Version 17
VisualStudioVersion = 17.9.34616.47
MinimumVisualStudioVersion = 10.0.40219.1
Project("{8BC9CEB8-8B4A-11D0-8D11-00A0C91BC942}") = "Struktur1", "Struktur1\Struktur1.vcxproj", "{E5701CBE-01F0-4B9E-B852-A73C2722415F}"
EndProject
Project("{8BC9CEB8-8B4A-11D0-8D11-00A0C91BC942}") = "Struktur2", "Struktur2\Struktur2.vcxproj", "{ED3044B0-CD0A-441D-8F5B-B4D0E3D3CD2B}"
EndProject
Project("{8BC9CEB8-8B4A-11D0-8D11-00A0C91BC942}") = "Struktur3", "Struktur3\Struktur3.vcxproj", "{18D81DFA-466C-43BB-B9D4-0386184991C8}"
EndProject
Project("{8BC9CEB8-8B4A-11D0-8D11-00A0C91BC942}") = "Struktur4", "Struktur4\Struktur4.vcxproj", "{2B160D44-E4E8-4354-9E29-14ABFBD40083}"
EndProject
Global
	GlobalSection(SolutionConfigurationPlatforms) = preSolution
		Debug|x64 = Debug|x64
		Debug|x86 = Debug|x86
		Release|x64 = Release|x64
		Release|x86 = Release|x86
	EndGlobalSection
	GlobalSection(ProjectConfigurationPlatforms) = postSolution
		{E5701CBE-01F0-4B9E-B852-A73C2722415F}.Debug|x64.ActiveCfg = Debug|x64
		{E5701CBE-01F0-4B9E-B852-A73C2722415F}.Debug|x64.Build.0 = Debug|x64
		{E5701CBE-01F0-4B9E-B852-A73C2722415F}.Debug|x86.ActiveCfg = Debug|Win32
		{E5701CBE-01F0-4B9E-B852-A73C2722415F}.Debug|x86.Build.0 = Debug|Win32
		{E5701CBE-01F0-4B9E-B852-A73C2722415F}.Release|x64.ActiveCfg = Release|x64
		{E5701CBE-01F0-4B9E-B852-A73C2722415F}.Release|x64.Build.0 = Release|x64
		{E5701CBE-01F0-4B9E-B852-A73C2722415F}.Release|x86.ActiveCfg = Release|Win32
		{E5701CBE-01F0-4B9E-B852-A73C2722415F}.Release|x86.Build.0 = Release|Win32
		{ED3044B0-CD0A-441D-8F5B-B4D0E3D3CD2B}.Debug|x64.ActiveCfg = Debug|x64
		{ED3044B0-CD0A-441D-8F5B-B4D0E3D3CD2B}.Debug|x64.Build.0 = Debug|x64
		{ED3044B0-CD0A-441D-8F5B-B4D0E3D3CD2B}.Debug|x86.ActiveCfg = Debug|Win32
		{ED3044B0-CD0A-441D-8F5B-B4D0E3D3CD2B}.Debug|x86.Build.0 = Debug|Win32
		{ED3044B0-CD0A-441D-8F5B-B4D0E3D3CD2B}.Release|x64.ActiveCfg = Release|x64
		{ED3044B0-CD0A-441D-8F5B-B4D0E3D3CD2B}.Release|x64.Build.0 = Release|x64
		{ED3044B0-CD0A-441D-8F5B-B4D0E3D3CD2B}.Release|x86.ActiveCfg = Release|Win32
		{ED3044B0-CD0A-441D-8F5B-B4D0E3D3CD2B}.Release|x86.Build.0 = Release|Win32
		{18D81DFA-466C-43BB-B9D4-0386184991C8}.Debug|x64.ActiveCfg = Debug|x64
		{18D81DFA-466C-43BB-B9D4-0386184991C8}.Debug|x64.Build.0 = Debug|x64
		{18D81DFA-466C-43BB-B9D4-0386184991C8}.Debug|x86.ActiveCfg = Debug|Win32
		{18D81DFA-466C-43BB-B9D4-0386184991C8}.Debug|x86.Build.0 = Debug|Win32
		{18D81DFA-466C-43BB-B9D4-0386184991C8}.Release|x64.ActiveCfg = Release|x64
		{18D81DFA-466C-43BB-B9D4-0386184991C8}.Release|x64.Build.0 = Release|x64
		{18D81DFA-466C-43BB-B9D4-0386184991C8}.Release|x86.ActiveCfg = Release|Win32
		{18D81DFA-466C-43BB-B9D4-0386184991C8}.Release|x86.Build.0 = Release|Win32
		{2B160D44-E4E8-4354-9E29-14ABFBD40083}.Debug|x64.ActiveCfg = Debug|x64
		{2B160D44-E4E8-4354-9E29-14ABFBD40083}.Debug|x64.Build.0 = Debug|x64
		{2B160D44-E4E8-4354-9E29-14ABFBD40083}.Debug|x86.ActiveCfg = Debug|Win32
		{2B160D44-E4E8-4354-9E29-14ABFBD40083}.Debug|x86.Build.0 = Debug|Win32
		{2B160D44-E4E8-4354-9E29-14ABFBD40083}.Release|x64.ActiveCfg = Release|x64
		{2B160D44-E4E8-4354-9E29-14ABFBD40083}.Release|x64.Build.0 = Release|x64
		{2B160D44-E4E8-4354-9E29-14ABFBD40083}.Release|x86.ActiveCfg = Release|Win32
		{2B160D44-E4E8-4354-9E29-14ABFBD40083}.Release|x86.Build.0 = Release|Win32
	EndGlobalSection
	GlobalSection(SolutionProperties) = preSolution
		HideSolutionNode = FALSE
	EndGlobalSection
	GlobalSection(ExtensibilityGlobals) = postSolution
		SolutionGuid = {1E7EBF32-BF8E-4134-BA27-8B5049D09439}
	EndGlobalSection
EndGlobal
